// !$*UTF8*$!
{
	archiveVersion = 1;
	classes = {
	};
	objectVersion = 56;
	objects = {

/* Begin PBXBuildFile section */
		7175049C2B5AC21C000AFA30 /* DetailContentView.swift in Sources */ = {isa = PBXBuildFile; fileRef = 7175049B2B5AC21C000AFA30 /* DetailContentView.swift */; };
		7175049E2B5AC5D1000AFA30 /* WeatherDetailItemCell.swift in Sources */ = {isa = PBXBuildFile; fileRef = 7175049D2B5AC5D1000AFA30 /* WeatherDetailItemCell.swift */; };
		71951A5E2B58803000A3791D /* WeatherDataModel.swift in Sources */ = {isa = PBXBuildFile; fileRef = 71951A5D2B58803000A3791D /* WeatherDataModel.swift */; };
		71951A612B5881A300A3791D /* Alamofire in Frameworks */ = {isa = PBXBuildFile; productRef = 71951A602B5881A300A3791D /* Alamofire */; };
		71951A632B5883E000A3791D /* WeatherViewModel.swift in Sources */ = {isa = PBXBuildFile; fileRef = 71951A622B5883E000A3791D /* WeatherViewModel.swift */; };
		71951A662B5885FF00A3791D /* Constants.swift in Sources */ = {isa = PBXBuildFile; fileRef = 71951A652B5885FF00A3791D /* Constants.swift */; };
		71980CE82B5CA5D600752CB9 /* Cache in Frameworks */ = {isa = PBXBuildFile; productRef = 71980CE72B5CA5D600752CB9 /* Cache */; };
		71CA54452B572EA8000C8C62 /* AppDelegate.swift in Sources */ = {isa = PBXBuildFile; fileRef = 71CA54442B572EA8000C8C62 /* AppDelegate.swift */; };
		71CA54472B572EA8000C8C62 /* SceneDelegate.swift in Sources */ = {isa = PBXBuildFile; fileRef = 71CA54462B572EA8000C8C62 /* SceneDelegate.swift */; };
		71CA544E2B572EA9000C8C62 /* Assets.xcassets in Resources */ = {isa = PBXBuildFile; fileRef = 71CA544D2B572EA9000C8C62 /* Assets.xcassets */; };
		71CA54612B573193000C8C62 /* MainViewController.swift in Sources */ = {isa = PBXBuildFile; fileRef = 71CA54602B573193000C8C62 /* MainViewController.swift */; };
		71CA54642B573567000C8C62 /* LocationManager.swift in Sources */ = {isa = PBXBuildFile; fileRef = 71CA54632B573567000C8C62 /* LocationManager.swift */; };
		71CA54682B573614000C8C62 /* WeatherManager.swift in Sources */ = {isa = PBXBuildFile; fileRef = 71CA54672B573614000C8C62 /* WeatherManager.swift */; };
		71CA546A2B5736E4000C8C62 /* DetailViewController.swift in Sources */ = {isa = PBXBuildFile; fileRef = 71CA54692B5736E4000C8C62 /* DetailViewController.swift */; };
		71CA546C2B573837000C8C62 /* WeatherNowView.swift in Sources */ = {isa = PBXBuildFile; fileRef = 71CA546B2B573837000C8C62 /* WeatherNowView.swift */; };
		71CA546E2B57427B000C8C62 /* WeatherForecastView.swift in Sources */ = {isa = PBXBuildFile; fileRef = 71CA546D2B57427B000C8C62 /* WeatherForecastView.swift */; };
		71CA54702B574346000C8C62 /* WeatherForecastItemCell.swift in Sources */ = {isa = PBXBuildFile; fileRef = 71CA546F2B574346000C8C62 /* WeatherForecastItemCell.swift */; };
		71D9EE342B59D5230035D37B /* MainContentView.swift in Sources */ = {isa = PBXBuildFile; fileRef = 71D9EE332B59D5230035D37B /* MainContentView.swift */; };
		71D9EE372B59F7E00035D37B /* Kingfisher in Frameworks */ = {isa = PBXBuildFile; productRef = 71D9EE362B59F7E00035D37B /* Kingfisher */; };
		71D9EE392B59FB140035D37B /* Extensions.swift in Sources */ = {isa = PBXBuildFile; fileRef = 71D9EE382B59FB140035D37B /* Extensions.swift */; };
		71D9EE3B2B59FE340035D37B /* WeatherForecastDataModel.swift in Sources */ = {isa = PBXBuildFile; fileRef = 71D9EE3A2B59FE340035D37B /* WeatherForecastDataModel.swift */; };
/* End PBXBuildFile section */

/* Begin PBXFileReference section */
		7175049B2B5AC21C000AFA30 /* DetailContentView.swift */ = {isa = PBXFileReference; lastKnownFileType = sourcecode.swift; path = DetailContentView.swift; sourceTree = "<group>"; };
		7175049D2B5AC5D1000AFA30 /* WeatherDetailItemCell.swift */ = {isa = PBXFileReference; lastKnownFileType = sourcecode.swift; path = WeatherDetailItemCell.swift; sourceTree = "<group>"; };
		71951A5D2B58803000A3791D /* WeatherDataModel.swift */ = {isa = PBXFileReference; lastKnownFileType = sourcecode.swift; path = WeatherDataModel.swift; sourceTree = "<group>"; };
		71951A622B5883E000A3791D /* WeatherViewModel.swift */ = {isa = PBXFileReference; lastKnownFileType = sourcecode.swift; path = WeatherViewModel.swift; sourceTree = "<group>"; };
		71951A652B5885FF00A3791D /* Constants.swift */ = {isa = PBXFileReference; lastKnownFileType = sourcecode.swift; path = Constants.swift; sourceTree = "<group>"; };
		71CA54412B572EA8000C8C62 /* OpenWeatherApp.app */ = {isa = PBXFileReference; explicitFileType = wrapper.application; includeInIndex = 0; path = OpenWeatherApp.app; sourceTree = BUILT_PRODUCTS_DIR; };
		71CA54442B572EA8000C8C62 /* AppDelegate.swift */ = {isa = PBXFileReference; lastKnownFileType = sourcecode.swift; path = AppDelegate.swift; sourceTree = "<group>"; };
		71CA54462B572EA8000C8C62 /* SceneDelegate.swift */ = {isa = PBXFileReference; lastKnownFileType = sourcecode.swift; path = SceneDelegate.swift; sourceTree = "<group>"; };
		71CA544D2B572EA9000C8C62 /* Assets.xcassets */ = {isa = PBXFileReference; lastKnownFileType = folder.assetcatalog; path = Assets.xcassets; sourceTree = "<group>"; };
		71CA54522B572EA9000C8C62 /* Info.plist */ = {isa = PBXFileReference; lastKnownFileType = text.plist.xml; path = Info.plist; sourceTree = "<group>"; };
		71CA54602B573193000C8C62 /* MainViewController.swift */ = {isa = PBXFileReference; lastKnownFileType = sourcecode.swift; path = MainViewController.swift; sourceTree = "<group>"; };
		71CA54632B573567000C8C62 /* LocationManager.swift */ = {isa = PBXFileReference; lastKnownFileType = sourcecode.swift; path = LocationManager.swift; sourceTree = "<group>"; };
		71CA54672B573614000C8C62 /* WeatherManager.swift */ = {isa = PBXFileReference; lastKnownFileType = sourcecode.swift; path = WeatherManager.swift; sourceTree = "<group>"; };
		71CA54692B5736E4000C8C62 /* DetailViewController.swift */ = {isa = PBXFileReference; lastKnownFileType = sourcecode.swift; path = DetailViewController.swift; sourceTree = "<group>"; };
		71CA546B2B573837000C8C62 /* WeatherNowView.swift */ = {isa = PBXFileReference; lastKnownFileType = sourcecode.swift; path = WeatherNowView.swift; sourceTree = "<group>"; };
		71CA546D2B57427B000C8C62 /* WeatherForecastView.swift */ = {isa = PBXFileReference; lastKnownFileType = sourcecode.swift; path = WeatherForecastView.swift; sourceTree = "<group>"; };
		71CA546F2B574346000C8C62 /* WeatherForecastItemCell.swift */ = {isa = PBXFileReference; lastKnownFileType = sourcecode.swift; path = WeatherForecastItemCell.swift; sourceTree = "<group>"; };
		71D9EE332B59D5230035D37B /* MainContentView.swift */ = {isa = PBXFileReference; lastKnownFileType = sourcecode.swift; path = MainContentView.swift; sourceTree = "<group>"; };
		71D9EE382B59FB140035D37B /* Extensions.swift */ = {isa = PBXFileReference; lastKnownFileType = sourcecode.swift; path = Extensions.swift; sourceTree = "<group>"; };
		71D9EE3A2B59FE340035D37B /* WeatherForecastDataModel.swift */ = {isa = PBXFileReference; lastKnownFileType = sourcecode.swift; path = WeatherForecastDataModel.swift; sourceTree = "<group>"; };
/* End PBXFileReference section */

/* Begin PBXFrameworksBuildPhase section */
		71CA543E2B572EA8000C8C62 /* Frameworks */ = {
			isa = PBXFrameworksBuildPhase;
			buildActionMask = 2147483647;
			files = (
				71980CE82B5CA5D600752CB9 /* Cache in Frameworks */,
				71D9EE372B59F7E00035D37B /* Kingfisher in Frameworks */,
				71951A612B5881A300A3791D /* Alamofire in Frameworks */,
			);
			runOnlyForDeploymentPostprocessing = 0;
		};
/* End PBXFrameworksBuildPhase section */

/* Begin PBXGroup section */
		71951A642B5885F900A3791D /* Utility */ = {
			isa = PBXGroup;
			children = (
				71951A652B5885FF00A3791D /* Constants.swift */,
			);
			path = Utility;
			sourceTree = "<group>";
		};
		71CA54382B572EA8000C8C62 = {
			isa = PBXGroup;
			children = (
				71CA54432B572EA8000C8C62 /* OpenWeatherApp */,
				71CA54422B572EA8000C8C62 /* Products */,
			);
			sourceTree = "<group>";
		};
		71CA54422B572EA8000C8C62 /* Products */ = {
			isa = PBXGroup;
			children = (
				71CA54412B572EA8000C8C62 /* OpenWeatherApp.app */,
			);
			name = Products;
			sourceTree = "<group>";
		};
		71CA54432B572EA8000C8C62 /* OpenWeatherApp */ = {
			isa = PBXGroup;
			children = (
				71951A642B5885F900A3791D /* Utility */,
				71CA54622B573528000C8C62 /* Managers */,
				71CA545F2B572F1B000C8C62 /* Networking */,
				71CA545E2B572F04000C8C62 /* View */,
				71CA545D2B572EFB000C8C62 /* ViewModel */,
				71CA545C2B572EF5000C8C62 /* Controllers */,
				71CA545B2B572EEE000C8C62 /* Model */,
				71CA545A2B572EE8000C8C62 /* Classes */,
				71CA54592B572EE2000C8C62 /* Resources */,
				71CA54582B572EDA000C8C62 /* Extensions */,
				71CA54442B572EA8000C8C62 /* AppDelegate.swift */,
				71CA54462B572EA8000C8C62 /* SceneDelegate.swift */,
				71CA54522B572EA9000C8C62 /* Info.plist */,
			);
			path = OpenWeatherApp;
			sourceTree = "<group>";
		};
		71CA54582B572EDA000C8C62 /* Extensions */ = {
			isa = PBXGroup;
			children = (
				71D9EE382B59FB140035D37B /* Extensions.swift */,
			);
			path = Extensions;
			sourceTree = "<group>";
		};
		71CA54592B572EE2000C8C62 /* Resources */ = {
			isa = PBXGroup;
			children = (
				71CA544D2B572EA9000C8C62 /* Assets.xcassets */,
			);
			path = Resources;
			sourceTree = "<group>";
		};
		71CA545A2B572EE8000C8C62 /* Classes */ = {
			isa = PBXGroup;
			children = (
			);
			path = Classes;
			sourceTree = "<group>";
		};
		71CA545B2B572EEE000C8C62 /* Model */ = {
			isa = PBXGroup;
			children = (
				71951A5D2B58803000A3791D /* WeatherDataModel.swift */,
				71D9EE3A2B59FE340035D37B /* WeatherForecastDataModel.swift */,
			);
			path = Model;
			sourceTree = "<group>";
		};
		71CA545C2B572EF5000C8C62 /* Controllers */ = {
			isa = PBXGroup;
			children = (
				71D9EE2E2B59D4EB0035D37B /* Main */,
				71D9EE2F2B59D4EF0035D37B /* Detail */,
			);
			path = Controllers;
			sourceTree = "<group>";
		};
		71CA545D2B572EFB000C8C62 /* ViewModel */ = {
			isa = PBXGroup;
			children = (
				71951A622B5883E000A3791D /* WeatherViewModel.swift */,
			);
			path = ViewModel;
			sourceTree = "<group>";
		};
		71CA545E2B572F04000C8C62 /* View */ = {
			isa = PBXGroup;
			children = (
				71D9EE302B59D4FB0035D37B /* Main */,
				71D9EE312B59D5000035D37B /* Detail */,
			);
			path = View;
			sourceTree = "<group>";
		};
		71CA545F2B572F1B000C8C62 /* Networking */ = {
			isa = PBXGroup;
			children = (
			);
			path = Networking;
			sourceTree = "<group>";
		};
		71CA54622B573528000C8C62 /* Managers */ = {
			isa = PBXGroup;
			children = (
				71CA54632B573567000C8C62 /* LocationManager.swift */,
				71CA54672B573614000C8C62 /* WeatherManager.swift */,
			);
			path = Managers;
			sourceTree = "<group>";
		};
		71D9EE2E2B59D4EB0035D37B /* Main */ = {
			isa = PBXGroup;
			children = (
				71CA54602B573193000C8C62 /* MainViewController.swift */,
			);
			path = Main;
			sourceTree = "<group>";
		};
		71D9EE2F2B59D4EF0035D37B /* Detail */ = {
			isa = PBXGroup;
			children = (
				71CA54692B5736E4000C8C62 /* DetailViewController.swift */,
			);
			path = Detail;
			sourceTree = "<group>";
		};
		71D9EE302B59D4FB0035D37B /* Main */ = {
			isa = PBXGroup;
			children = (
				71D9EE332B59D5230035D37B /* MainContentView.swift */,
				71CA546B2B573837000C8C62 /* WeatherNowView.swift */,
				71CA546D2B57427B000C8C62 /* WeatherForecastView.swift */,
				71CA546F2B574346000C8C62 /* WeatherForecastItemCell.swift */,
			);
			path = Main;
			sourceTree = "<group>";
		};
		71D9EE312B59D5000035D37B /* Detail */ = {
			isa = PBXGroup;
			children = (
				7175049B2B5AC21C000AFA30 /* DetailContentView.swift */,
				7175049D2B5AC5D1000AFA30 /* WeatherDetailItemCell.swift */,
			);
			path = Detail;
			sourceTree = "<group>";
		};
/* End PBXGroup section */

/* Begin PBXNativeTarget section */
		71CA54402B572EA8000C8C62 /* OpenWeatherApp */ = {
			isa = PBXNativeTarget;
			buildConfigurationList = 71CA54552B572EA9000C8C62 /* Build configuration list for PBXNativeTarget "OpenWeatherApp" */;
			buildPhases = (
				71CA543D2B572EA8000C8C62 /* Sources */,
				71CA543E2B572EA8000C8C62 /* Frameworks */,
				71CA543F2B572EA8000C8C62 /* Resources */,
			);
			buildRules = (
			);
			dependencies = (
			);
			name = OpenWeatherApp;
			packageProductDependencies = (
				71951A602B5881A300A3791D /* Alamofire */,
				71D9EE362B59F7E00035D37B /* Kingfisher */,
				71980CE72B5CA5D600752CB9 /* Cache */,
			);
			productName = OpenWeatherApp;
			productReference = 71CA54412B572EA8000C8C62 /* OpenWeatherApp.app */;
			productType = "com.apple.product-type.application";
		};
/* End PBXNativeTarget section */

/* Begin PBXProject section */
		71CA54392B572EA8000C8C62 /* Project object */ = {
			isa = PBXProject;
			attributes = {
				BuildIndependentTargetsInParallel = 1;
				LastSwiftUpdateCheck = 1500;
				LastUpgradeCheck = 1500;
				TargetAttributes = {
					71CA54402B572EA8000C8C62 = {
						CreatedOnToolsVersion = 15.0;
					};
				};
			};
			buildConfigurationList = 71CA543C2B572EA8000C8C62 /* Build configuration list for PBXProject "OpenWeatherApp" */;
			compatibilityVersion = "Xcode 14.0";
			developmentRegion = en;
			hasScannedForEncodings = 0;
			knownRegions = (
				en,
				Base,
			);
			mainGroup = 71CA54382B572EA8000C8C62;
			packageReferences = (
				71951A5F2B5881A300A3791D /* XCRemoteSwiftPackageReference "Alamofire" */,
				71D9EE352B59F7E00035D37B /* XCRemoteSwiftPackageReference "Kingfisher" */,
				71980CE62B5CA5D600752CB9 /* XCRemoteSwiftPackageReference "Cache" */,
			);
			productRefGroup = 71CA54422B572EA8000C8C62 /* Products */;
			projectDirPath = "";
			projectRoot = "";
			targets = (
				71CA54402B572EA8000C8C62 /* OpenWeatherApp */,
			);
		};
/* End PBXProject section */

/* Begin PBXResourcesBuildPhase section */
		71CA543F2B572EA8000C8C62 /* Resources */ = {
			isa = PBXResourcesBuildPhase;
			buildActionMask = 2147483647;
			files = (
				71CA544E2B572EA9000C8C62 /* Assets.xcassets in Resources */,
			);
			runOnlyForDeploymentPostprocessing = 0;
		};
/* End PBXResourcesBuildPhase section */

/* Begin PBXSourcesBuildPhase section */
		71CA543D2B572EA8000C8C62 /* Sources */ = {
			isa = PBXSourcesBuildPhase;
			buildActionMask = 2147483647;
			files = (
				71951A632B5883E000A3791D /* WeatherViewModel.swift in Sources */,
				71CA54452B572EA8000C8C62 /* AppDelegate.swift in Sources */,
				71D9EE3B2B59FE340035D37B /* WeatherForecastDataModel.swift in Sources */,
				71CA546C2B573837000C8C62 /* WeatherNowView.swift in Sources */,
				7175049C2B5AC21C000AFA30 /* DetailContentView.swift in Sources */,
				7175049E2B5AC5D1000AFA30 /* WeatherDetailItemCell.swift in Sources */,
				71CA54682B573614000C8C62 /* WeatherManager.swift in Sources */,
				71CA546E2B57427B000C8C62 /* WeatherForecastView.swift in Sources */,
				71CA54702B574346000C8C62 /* WeatherForecastItemCell.swift in Sources */,
				71CA54642B573567000C8C62 /* LocationManager.swift in Sources */,
				71951A5E2B58803000A3791D /* WeatherDataModel.swift in Sources */,
				71CA54472B572EA8000C8C62 /* SceneDelegate.swift in Sources */,
				71D9EE392B59FB140035D37B /* Extensions.swift in Sources */,
				71951A662B5885FF00A3791D /* Constants.swift in Sources */,
				71CA54612B573193000C8C62 /* MainViewController.swift in Sources */,
				71D9EE342B59D5230035D37B /* MainContentView.swift in Sources */,
				71CA546A2B5736E4000C8C62 /* DetailViewController.swift in Sources */,
			);
			runOnlyForDeploymentPostprocessing = 0;
		};
/* End PBXSourcesBuildPhase section */

/* Begin XCBuildConfiguration section */
		71CA54532B572EA9000C8C62 /* Debug */ = {
			isa = XCBuildConfiguration;
			buildSettings = {
				ALWAYS_SEARCH_USER_PATHS = NO;
				ASSETCATALOG_COMPILER_GENERATE_SWIFT_ASSET_SYMBOL_EXTENSIONS = YES;
				CLANG_ANALYZER_NONNULL = YES;
				CLANG_ANALYZER_NUMBER_OBJECT_CONVERSION = YES_AGGRESSIVE;
				CLANG_CXX_LANGUAGE_STANDARD = "gnu++20";
				CLANG_ENABLE_MODULES = YES;
				CLANG_ENABLE_OBJC_ARC = YES;
				CLANG_ENABLE_OBJC_WEAK = YES;
				CLANG_WARN_BLOCK_CAPTURE_AUTORELEASING = YES;
				CLANG_WARN_BOOL_CONVERSION = YES;
				CLANG_WARN_COMMA = YES;
				CLANG_WARN_CONSTANT_CONVERSION = YES;
				CLANG_WARN_DEPRECATED_OBJC_IMPLEMENTATIONS = YES;
				CLANG_WARN_DIRECT_OBJC_ISA_USAGE = YES_ERROR;
				CLANG_WARN_DOCUMENTATION_COMMENTS = YES;
				CLANG_WARN_EMPTY_BODY = YES;
				CLANG_WARN_ENUM_CONVERSION = YES;
				CLANG_WARN_INFINITE_RECURSION = YES;
				CLANG_WARN_INT_CONVERSION = YES;
				CLANG_WARN_NON_LITERAL_NULL_CONVERSION = YES;
				CLANG_WARN_OBJC_IMPLICIT_RETAIN_SELF = YES;
				CLANG_WARN_OBJC_LITERAL_CONVERSION = YES;
				CLANG_WARN_OBJC_ROOT_CLASS = YES_ERROR;
				CLANG_WARN_QUOTED_INCLUDE_IN_FRAMEWORK_HEADER = YES;
				CLANG_WARN_RANGE_LOOP_ANALYSIS = YES;
				CLANG_WARN_STRICT_PROTOTYPES = YES;
				CLANG_WARN_SUSPICIOUS_MOVE = YES;
				CLANG_WARN_UNGUARDED_AVAILABILITY = YES_AGGRESSIVE;
				CLANG_WARN_UNREACHABLE_CODE = YES;
				CLANG_WARN__DUPLICATE_METHOD_MATCH = YES;
				COPY_PHASE_STRIP = NO;
				DEBUG_INFORMATION_FORMAT = dwarf;
				ENABLE_STRICT_OBJC_MSGSEND = YES;
				ENABLE_TESTABILITY = YES;
				ENABLE_USER_SCRIPT_SANDBOXING = YES;
				GCC_C_LANGUAGE_STANDARD = gnu17;
				GCC_DYNAMIC_NO_PIC = NO;
				GCC_NO_COMMON_BLOCKS = YES;
				GCC_OPTIMIZATION_LEVEL = 0;
				GCC_PREPROCESSOR_DEFINITIONS = (
					"DEBUG=1",
					"$(inherited)",
				);
				GCC_WARN_64_TO_32_BIT_CONVERSION = YES;
				GCC_WARN_ABOUT_RETURN_TYPE = YES_ERROR;
				GCC_WARN_UNDECLARED_SELECTOR = YES;
				GCC_WARN_UNINITIALIZED_AUTOS = YES_AGGRESSIVE;
				GCC_WARN_UNUSED_FUNCTION = YES;
				GCC_WARN_UNUSED_VARIABLE = YES;
				IPHONEOS_DEPLOYMENT_TARGET = 17.0;
				LOCALIZATION_PREFERS_STRING_CATALOGS = YES;
				MTL_ENABLE_DEBUG_INFO = INCLUDE_SOURCE;
				MTL_FAST_MATH = YES;
				ONLY_ACTIVE_ARCH = YES;
				SDKROOT = iphoneos;
				SWIFT_ACTIVE_COMPILATION_CONDITIONS = "DEBUG $(inherited)";
				SWIFT_OPTIMIZATION_LEVEL = "-Onone";
			};
			name = Debug;
		};
		71CA54542B572EA9000C8C62 /* Release */ = {
			isa = XCBuildConfiguration;
			buildSettings = {
				ALWAYS_SEARCH_USER_PATHS = NO;
				ASSETCATALOG_COMPILER_GENERATE_SWIFT_ASSET_SYMBOL_EXTENSIONS = YES;
				CLANG_ANALYZER_NONNULL = YES;
				CLANG_ANALYZER_NUMBER_OBJECT_CONVERSION = YES_AGGRESSIVE;
				CLANG_CXX_LANGUAGE_STANDARD = "gnu++20";
				CLANG_ENABLE_MODULES = YES;
				CLANG_ENABLE_OBJC_ARC = YES;
				CLANG_ENABLE_OBJC_WEAK = YES;
				CLANG_WARN_BLOCK_CAPTURE_AUTORELEASING = YES;
				CLANG_WARN_BOOL_CONVERSION = YES;
				CLANG_WARN_COMMA = YES;
				CLANG_WARN_CONSTANT_CONVERSION = YES;
				CLANG_WARN_DEPRECATED_OBJC_IMPLEMENTATIONS = YES;
				CLANG_WARN_DIRECT_OBJC_ISA_USAGE = YES_ERROR;
				CLANG_WARN_DOCUMENTATION_COMMENTS = YES;
				CLANG_WARN_EMPTY_BODY = YES;
				CLANG_WARN_ENUM_CONVERSION = YES;
				CLANG_WARN_INFINITE_RECURSION = YES;
				CLANG_WARN_INT_CONVERSION = YES;
				CLANG_WARN_NON_LITERAL_NULL_CONVERSION = YES;
				CLANG_WARN_OBJC_IMPLICIT_RETAIN_SELF = YES;
				CLANG_WARN_OBJC_LITERAL_CONVERSION = YES;
				CLANG_WARN_OBJC_ROOT_CLASS = YES_ERROR;
				CLANG_WARN_QUOTED_INCLUDE_IN_FRAMEWORK_HEADER = YES;
				CLANG_WARN_RANGE_LOOP_ANALYSIS = YES;
				CLANG_WARN_STRICT_PROTOTYPES = YES;
				CLANG_WARN_SUSPICIOUS_MOVE = YES;
				CLANG_WARN_UNGUARDED_AVAILABILITY = YES_AGGRESSIVE;
				CLANG_WARN_UNREACHABLE_CODE = YES;
				CLANG_WARN__DUPLICATE_METHOD_MATCH = YES;
				COPY_PHASE_STRIP = NO;
				DEBUG_INFORMATION_FORMAT = "dwarf-with-dsym";
				ENABLE_NS_ASSERTIONS = NO;
				ENABLE_STRICT_OBJC_MSGSEND = YES;
				ENABLE_USER_SCRIPT_SANDBOXING = YES;
				GCC_C_LANGUAGE_STANDARD = gnu17;
				GCC_NO_COMMON_BLOCKS = YES;
				GCC_WARN_64_TO_32_BIT_CONVERSION = YES;
				GCC_WARN_ABOUT_RETURN_TYPE = YES_ERROR;
				GCC_WARN_UNDECLARED_SELECTOR = YES;
				GCC_WARN_UNINITIALIZED_AUTOS = YES_AGGRESSIVE;
				GCC_WARN_UNUSED_FUNCTION = YES;
				GCC_WARN_UNUSED_VARIABLE = YES;
				IPHONEOS_DEPLOYMENT_TARGET = 17.0;
				LOCALIZATION_PREFERS_STRING_CATALOGS = YES;
				MTL_ENABLE_DEBUG_INFO = NO;
				MTL_FAST_MATH = YES;
				SDKROOT = iphoneos;
				SWIFT_COMPILATION_MODE = wholemodule;
				VALIDATE_PRODUCT = YES;
			};
			name = Release;
		};
		71CA54562B572EA9000C8C62 /* Debug */ = {
			isa = XCBuildConfiguration;
			buildSettings = {
				ASSETCATALOG_COMPILER_APPICON_NAME = AppIcon;
				ASSETCATALOG_COMPILER_GLOBAL_ACCENT_COLOR_NAME = AccentColor;
				CODE_SIGN_STYLE = Automatic;
				CURRENT_PROJECT_VERSION = 1;
				DEVELOPMENT_TEAM = CRH2R3GB32;
				GENERATE_INFOPLIST_FILE = YES;
				INFOPLIST_FILE = OpenWeatherApp/Info.plist;
				INFOPLIST_KEY_UIApplicationSupportsIndirectInputEvents = YES;
				INFOPLIST_KEY_UILaunchStoryboardName = LaunchScreen;
				INFOPLIST_KEY_UISupportedInterfaceOrientations_iPad = "UIInterfaceOrientationPortrait UIInterfaceOrientationPortraitUpsideDown UIInterfaceOrientationLandscapeLeft UIInterfaceOrientationLandscapeRight";
				INFOPLIST_KEY_UISupportedInterfaceOrientations_iPhone = "UIInterfaceOrientationPortrait UIInterfaceOrientationLandscapeLeft UIInterfaceOrientationLandscapeRight";
				IPHONEOS_DEPLOYMENT_TARGET = 16.0;
				LD_RUNPATH_SEARCH_PATHS = (
					"$(inherited)",
					"@executable_path/Frameworks",
				);
				MARKETING_VERSION = 1.0;
				PRODUCT_BUNDLE_IDENTIFIER = com.OpenWeatherApp;
				PRODUCT_NAME = "$(TARGET_NAME)";
				SWIFT_EMIT_LOC_STRINGS = YES;
				SWIFT_VERSION = 5.0;
				TARGETED_DEVICE_FAMILY = "1,2";
			};
			name = Debug;
		};
		71CA54572B572EA9000C8C62 /* Release */ = {
			isa = XCBuildConfiguration;
			buildSettings = {
				ASSETCATALOG_COMPILER_APPICON_NAME = AppIcon;
				ASSETCATALOG_COMPILER_GLOBAL_ACCENT_COLOR_NAME = AccentColor;
				CODE_SIGN_STYLE = Automatic;
				CURRENT_PROJECT_VERSION = 1;
				DEVELOPMENT_TEAM = CRH2R3GB32;
				GENERATE_INFOPLIST_FILE = YES;
				INFOPLIST_FILE = OpenWeatherApp/Info.plist;
				INFOPLIST_KEY_UIApplicationSupportsIndirectInputEvents = YES;
				INFOPLIST_KEY_UILaunchStoryboardName = LaunchScreen;
				INFOPLIST_KEY_UISupportedInterfaceOrientations_iPad = "UIInterfaceOrientationPortrait UIInterfaceOrientationPortraitUpsideDown UIInterfaceOrientationLandscapeLeft UIInterfaceOrientationLandscapeRight";
				INFOPLIST_KEY_UISupportedInterfaceOrientations_iPhone = "UIInterfaceOrientationPortrait UIInterfaceOrientationLandscapeLeft UIInterfaceOrientationLandscapeRight";
				IPHONEOS_DEPLOYMENT_TARGET = 16.0;
				LD_RUNPATH_SEARCH_PATHS = (
					"$(inherited)",
					"@executable_path/Frameworks",
				);
				MARKETING_VERSION = 1.0;
				PRODUCT_BUNDLE_IDENTIFIER = com.OpenWeatherApp;
				PRODUCT_NAME = "$(TARGET_NAME)";
				SWIFT_EMIT_LOC_STRINGS = YES;
				SWIFT_VERSION = 5.0;
				TARGETED_DEVICE_FAMILY = "1,2";
			};
			name = Release;
		};
/* End XCBuildConfiguration section */

/* Begin XCConfigurationList section */
		71CA543C2B572EA8000C8C62 /* Build configuration list for PBXProject "OpenWeatherApp" */ = {
			isa = XCConfigurationList;
			buildConfigurations = (
				71CA54532B572EA9000C8C62 /* Debug */,
				71CA54542B572EA9000C8C62 /* Release */,
			);
			defaultConfigurationIsVisible = 0;
			defaultConfigurationName = Release;
		};
		71CA54552B572EA9000C8C62 /* Build configuration list for PBXNativeTarget "OpenWeatherApp" */ = {
			isa = XCConfigurationList;
			buildConfigurations = (
				71CA54562B572EA9000C8C62 /* Debug */,
				71CA54572B572EA9000C8C62 /* Release */,
			);
			defaultConfigurationIsVisible = 0;
			defaultConfigurationName = Release;
		};
/* End XCConfigurationList section */

/* Begin XCRemoteSwiftPackageReference section */
		71951A5F2B5881A300A3791D /* XCRemoteSwiftPackageReference "Alamofire" */ = {
			isa = XCRemoteSwiftPackageReference;
			repositoryURL = "https://github.com/Alamofire/Alamofire";
			requirement = {
				kind = upToNextMajorVersion;
				minimumVersion = 5.8.1;
			};
		};
		71980CE62B5CA5D600752CB9 /* XCRemoteSwiftPackageReference "Cache" */ = {
			isa = XCRemoteSwiftPackageReference;
			repositoryURL = "https://github.com/hyperoslo/Cache";
			requirement = {
				kind = upToNextMajorVersion;
				minimumVersion = 6.0.0;
			};
		};
		71D9EE352B59F7E00035D37B /* XCRemoteSwiftPackageReference "Kingfisher" */ = {
			isa = XCRemoteSwiftPackageReference;
			repositoryURL = "https://github.com/onevcat/Kingfisher.git";
			requirement = {
				kind = upToNextMajorVersion;
				minimumVersion = 7.10.2;
			};
		};
/* End XCRemoteSwiftPackageReference section */

/* Begin XCSwiftPackageProductDependency section */
		71951A602B5881A300A3791D /* Alamofire */ = {
			isa = XCSwiftPackageProductDependency;
			package = 71951A5F2B5881A300A3791D /* XCRemoteSwiftPackageReference "Alamofire" */;
			productName = Alamofire;
		};
		71980CE72B5CA5D600752CB9 /* Cache */ = {
			isa = XCSwiftPackageProductDependency;
			package = 71980CE62B5CA5D600752CB9 /* XCRemoteSwiftPackageReference "Cache" */;
			productName = Cache;
		};
		71D9EE362B59F7E00035D37B /* Kingfisher */ = {
			isa = XCSwiftPackageProductDependency;
			package = 71D9EE352B59F7E00035D37B /* XCRemoteSwiftPackageReference "Kingfisher" */;
			productName = Kingfisher;
		};
/* End XCSwiftPackageProductDependency section */
	};
	rootObject = 71CA54392B572EA8000C8C62 /* Project object */;
}
